{
  "version": "4",
  "specifiers": {
    "jsr:@deno/cache-dir@0.8": "0.8.0",
    "jsr:@std/assert@~0.218.2": "0.218.2",
    "jsr:@std/bytes@~0.218.2": "0.218.2",
    "jsr:@std/fmt@~0.218.2": "0.218.2",
    "jsr:@std/fs@~0.218.2": "0.218.2",
    "jsr:@std/io@~0.218.2": "0.218.2",
    "jsr:@std/path@~0.218.2": "0.218.2",
    "npm:@rollup/plugin-commonjs@^28.0.2": "28.0.2_rollup@4.29.1_picomatch@4.0.2",
    "npm:@rollup/plugin-node-resolve@16": "16.0.0_rollup@4.29.1",
    "npm:@rollup/plugin-typescript@12.1.2": "12.1.2_rollup@4.29.1_tslib@2.8.1_typescript@5.7.2",
    "npm:@rollup/plugin-typescript@^12.1.2": "12.1.2_rollup@4.29.1_tslib@2.8.1_typescript@5.7.2",
    "npm:jose@^5.9.6": "5.9.6",
    "npm:rollup@4.29.1": "4.29.1",
    "npm:rollup@^4.29.1": "4.29.1",
    "npm:tslib@^2.8.1": "2.8.1"
  },
  "jsr": {
    "@deno/cache-dir@0.8.0": {
      "integrity": "e87e80a404958f6350d903e6238b72afb92468378b0b32111f7a1e4916ac7fe7",
      "dependencies": [
        "jsr:@std/fmt",
        "jsr:@std/fs",
        "jsr:@std/io",
        "jsr:@std/path"
      ]
    },
    "@std/assert@0.218.2": {
      "integrity": "7f0a5a1a8cf86607cd6c2c030584096e1ffad27fc9271429a8cb48cfbdee5eaf"
    },
    "@std/bytes@0.218.2": {
      "integrity": "91fe54b232dcca73856b79a817247f4a651dbb60d51baafafb6408c137241670"
    },
    "@std/fmt@0.218.2": {
      "integrity": "99526449d2505aa758b6cbef81e7dd471d8b28ec0dcb1491d122b284c548788a"
    },
    "@std/fs@0.218.2": {
      "integrity": "dd9431453f7282e8c577cc22c9e6d036055a9a980b5549f887d6012969fabcca"
    },
    "@std/io@0.218.2": {
      "integrity": "c64fbfa087b7c9d4d386c5672f291f607d88cb7d44fc299c20c713e345f2785f",
      "dependencies": [
        "jsr:@std/assert",
        "jsr:@std/bytes"
      ]
    },
    "@std/path@0.218.2": {
      "integrity": "b568fd923d9e53ad76d17c513e7310bda8e755a3e825e6289a0ce536404e2662",
      "dependencies": [
        "jsr:@std/assert"
      ]
    }
  },
  "npm": {
    "@jridgewell/sourcemap-codec@1.5.0": {
      "integrity": "sha512-gv3ZRaISU3fjPAgNsriBRqGWQL6quFx04YMPW/zD8XMLsU32mhCCbfbO6KZFLjvYpCZ8zyDEgqsgf+PwPaM7GQ=="
    },
    "@rollup/plugin-commonjs@28.0.2_rollup@4.29.1_picomatch@4.0.2": {
      "integrity": "sha512-BEFI2EDqzl+vA1rl97IDRZ61AIwGH093d9nz8+dThxJNH8oSoB7MjWvPCX3dkaK1/RCJ/1v/R1XB15FuSs0fQw==",
      "dependencies": [
        "@rollup/pluginutils@5.1.4_rollup@4.29.1",
        "commondir",
        "estree-walker",
        "fdir",
        "is-reference",
        "magic-string",
        "picomatch",
        "rollup"
      ]
    },
    "@rollup/plugin-node-resolve@16.0.0_rollup@4.29.1": {
      "integrity": "sha512-0FPvAeVUT/zdWoO0jnb/V5BlBsUSNfkIOtFHzMO4H9MOklrmQFY6FduVHKucNb/aTFxvnGhj4MNj/T1oNdDfNg==",
      "dependencies": [
        "@rollup/pluginutils@5.1.4_rollup@4.29.1",
        "@types/resolve",
        "deepmerge",
        "is-module",
        "resolve",
        "rollup"
      ]
    },
    "@rollup/plugin-typescript@12.1.2_rollup@4.29.1_tslib@2.8.1_typescript@5.7.2": {
      "integrity": "sha512-cdtSp154H5sv637uMr1a8OTWB0L1SWDSm1rDGiyfcGcvQ6cuTs4MDk2BVEBGysUWago4OJN4EQZqOTl/QY3Jgg==",
      "dependencies": [
        "@rollup/pluginutils@5.1.4_rollup@4.29.1",
        "resolve",
        "rollup",
        "tslib",
        "typescript"
      ]
    },
    "@rollup/plugin-typescript@12.1.2_tslib@2.8.1_typescript@5.7.2": {
      "integrity": "sha512-cdtSp154H5sv637uMr1a8OTWB0L1SWDSm1rDGiyfcGcvQ6cuTs4MDk2BVEBGysUWago4OJN4EQZqOTl/QY3Jgg==",
      "dependencies": [
        "@rollup/pluginutils@5.1.4",
        "resolve",
        "tslib",
        "typescript"
      ]
    },
    "@rollup/pluginutils@5.1.4": {
      "integrity": "sha512-USm05zrsFxYLPdWWq+K3STlWiT/3ELn3RcV5hJMghpeAIhxfsUIg6mt12CBJBInWMV4VneoV7SfGv8xIwo2qNQ==",
      "dependencies": [
        "@types/estree",
        "estree-walker",
        "picomatch"
      ]
    },
    "@rollup/pluginutils@5.1.4_rollup@4.29.1": {
      "integrity": "sha512-USm05zrsFxYLPdWWq+K3STlWiT/3ELn3RcV5hJMghpeAIhxfsUIg6mt12CBJBInWMV4VneoV7SfGv8xIwo2qNQ==",
      "dependencies": [
        "@types/estree",
        "estree-walker",
        "picomatch",
        "rollup"
      ]
    },
    "@rollup/rollup-android-arm-eabi@4.29.1": {
      "integrity": "sha512-ssKhA8RNltTZLpG6/QNkCSge+7mBQGUqJRisZ2MDQcEGaK93QESEgWK2iOpIDZ7k9zPVkG5AS3ksvD5ZWxmItw=="
    },
    "@rollup/rollup-android-arm64@4.29.1": {
      "integrity": "sha512-CaRfrV0cd+NIIcVVN/jx+hVLN+VRqnuzLRmfmlzpOzB87ajixsN/+9L5xNmkaUUvEbI5BmIKS+XTwXsHEb65Ew=="
    },
    "@rollup/rollup-darwin-arm64@4.29.1": {
      "integrity": "sha512-2ORr7T31Y0Mnk6qNuwtyNmy14MunTAMx06VAPI6/Ju52W10zk1i7i5U3vlDRWjhOI5quBcrvhkCHyF76bI7kEw=="
    },
    "@rollup/rollup-darwin-x64@4.29.1": {
      "integrity": "sha512-j/Ej1oanzPjmN0tirRd5K2/nncAhS9W6ICzgxV+9Y5ZsP0hiGhHJXZ2JQ53iSSjj8m6cRY6oB1GMzNn2EUt6Ng=="
    },
    "@rollup/rollup-freebsd-arm64@4.29.1": {
      "integrity": "sha512-91C//G6Dm/cv724tpt7nTyP+JdN12iqeXGFM1SqnljCmi5yTXriH7B1r8AD9dAZByHpKAumqP1Qy2vVNIdLZqw=="
    },
    "@rollup/rollup-freebsd-x64@4.29.1": {
      "integrity": "sha512-hEioiEQ9Dec2nIRoeHUP6hr1PSkXzQaCUyqBDQ9I9ik4gCXQZjJMIVzoNLBRGet+hIUb3CISMh9KXuCcWVW/8w=="
    },
    "@rollup/rollup-linux-arm-gnueabihf@4.29.1": {
      "integrity": "sha512-Py5vFd5HWYN9zxBv3WMrLAXY3yYJ6Q/aVERoeUFwiDGiMOWsMs7FokXihSOaT/PMWUty/Pj60XDQndK3eAfE6A=="
    },
    "@rollup/rollup-linux-arm-musleabihf@4.29.1": {
      "integrity": "sha512-RiWpGgbayf7LUcuSNIbahr0ys2YnEERD4gYdISA06wa0i8RALrnzflh9Wxii7zQJEB2/Eh74dX4y/sHKLWp5uQ=="
    },
    "@rollup/rollup-linux-arm64-gnu@4.29.1": {
      "integrity": "sha512-Z80O+taYxTQITWMjm/YqNoe9d10OX6kDh8X5/rFCMuPqsKsSyDilvfg+vd3iXIqtfmp+cnfL1UrYirkaF8SBZA=="
    },
    "@rollup/rollup-linux-arm64-musl@4.29.1": {
      "integrity": "sha512-fOHRtF9gahwJk3QVp01a/GqS4hBEZCV1oKglVVq13kcK3NeVlS4BwIFzOHDbmKzt3i0OuHG4zfRP0YoG5OF/rA=="
    },
    "@rollup/rollup-linux-loongarch64-gnu@4.29.1": {
      "integrity": "sha512-5a7q3tnlbcg0OodyxcAdrrCxFi0DgXJSoOuidFUzHZ2GixZXQs6Tc3CHmlvqKAmOs5eRde+JJxeIf9DonkmYkw=="
    },
    "@rollup/rollup-linux-powerpc64le-gnu@4.29.1": {
      "integrity": "sha512-9b4Mg5Yfz6mRnlSPIdROcfw1BU22FQxmfjlp/CShWwO3LilKQuMISMTtAu/bxmmrE6A902W2cZJuzx8+gJ8e9w=="
    },
    "@rollup/rollup-linux-riscv64-gnu@4.29.1": {
      "integrity": "sha512-G5pn0NChlbRM8OJWpJFMX4/i8OEU538uiSv0P6roZcbpe/WfhEO+AT8SHVKfp8qhDQzaz7Q+1/ixMy7hBRidnQ=="
    },
    "@rollup/rollup-linux-s390x-gnu@4.29.1": {
      "integrity": "sha512-WM9lIkNdkhVwiArmLxFXpWndFGuOka4oJOZh8EP3Vb8q5lzdSCBuhjavJsw68Q9AKDGeOOIHYzYm4ZFvmWez5g=="
    },
    "@rollup/rollup-linux-x64-gnu@4.29.1": {
      "integrity": "sha512-87xYCwb0cPGZFoGiErT1eDcssByaLX4fc0z2nRM6eMtV9njAfEE6OW3UniAoDhX4Iq5xQVpE6qO9aJbCFumKYQ=="
    },
    "@rollup/rollup-linux-x64-musl@4.29.1": {
      "integrity": "sha512-xufkSNppNOdVRCEC4WKvlR1FBDyqCSCpQeMMgv9ZyXqqtKBfkw1yfGMTUTs9Qsl6WQbJnsGboWCp7pJGkeMhKA=="
    },
    "@rollup/rollup-win32-arm64-msvc@4.29.1": {
      "integrity": "sha512-F2OiJ42m77lSkizZQLuC+jiZ2cgueWQL5YC9tjo3AgaEw+KJmVxHGSyQfDUoYR9cci0lAywv2Clmckzulcq6ig=="
    },
    "@rollup/rollup-win32-ia32-msvc@4.29.1": {
      "integrity": "sha512-rYRe5S0FcjlOBZQHgbTKNrqxCBUmgDJem/VQTCcTnA2KCabYSWQDrytOzX7avb79cAAweNmMUb/Zw18RNd4mng=="
    },
    "@rollup/rollup-win32-x64-msvc@4.29.1": {
      "integrity": "sha512-+10CMg9vt1MoHj6x1pxyjPSMjHTIlqs8/tBztXvPAx24SKs9jwVnKqHJumlH/IzhaPUaj3T6T6wfZr8okdXaIg=="
    },
    "@types/estree@1.0.6": {
      "integrity": "sha512-AYnb1nQyY49te+VRAVgmzfcgjYS91mY5P0TKUDCLEM+gNnA+3T6rWITXRLYCpahpqSQbN5cE+gHpnPyXjHWxcw=="
    },
    "@types/resolve@1.20.2": {
      "integrity": "sha512-60BCwRFOZCQhDncwQdxxeOEEkbc5dIMccYLwbxsS4TUNeVECQ/pBJ0j09mrHOl/JJvpRPGwO9SvE4nR2Nb/a4Q=="
    },
    "commondir@1.0.1": {
      "integrity": "sha512-W9pAhw0ja1Edb5GVdIF1mjZw/ASI0AlShXM83UUGe2DVr5TdAPEA1OA8m/g8zWp9x6On7gqufY+FatDbC3MDQg=="
    },
    "deepmerge@4.3.1": {
      "integrity": "sha512-3sUqbMEc77XqpdNO7FRyRog+eW3ph+GYCbj+rK+uYyRMuwsVy0rMiVtPn+QJlKFvWP/1PYpapqYn0Me2knFn+A=="
    },
    "estree-walker@2.0.2": {
      "integrity": "sha512-Rfkk/Mp/DL7JVje3u18FxFujQlTNR2q6QfMSMB7AvCBx91NGj/ba3kCfza0f6dVDbw7YlRf/nDrn7pQrCCyQ/w=="
    },
    "fdir@6.4.2_picomatch@4.0.2": {
      "integrity": "sha512-KnhMXsKSPZlAhp7+IjUkRZKPb4fUyccpDrdFXbi4QL1qkmFh9kVY09Yox+n4MaOb3lHZ1Tv829C3oaaXoMYPDQ==",
      "dependencies": [
        "picomatch"
      ]
    },
    "fsevents@2.3.3": {
      "integrity": "sha512-5xoDfX+fL7faATnagmWPpbFtwh/R77WmMMqqHGS65C3vvB0YHrgF+B1YmZ3441tMj5n63k0212XNoJwzlhffQw=="
    },
    "function-bind@1.1.2": {
      "integrity": "sha512-7XHNxH7qX9xG5mIwxkhumTox/MIRNcOgDrxWsMt2pAr23WHp6MrRlN7FBSFpCpr+oVO0F744iUgR82nJMfG2SA=="
    },
    "hasown@2.0.2": {
      "integrity": "sha512-0hJU9SCPvmMzIBdZFqNPXWa6dqh7WdH0cII9y+CyS8rG3nL48Bclra9HmKhVVUHyPWNH5Y7xDwAB7bfgSjkUMQ==",
      "dependencies": [
        "function-bind"
      ]
    },
    "is-core-module@2.16.1": {
      "integrity": "sha512-UfoeMA6fIJ8wTYFEUjelnaGI67v6+N7qXJEvQuIGa99l4xsCruSYOVSQ0uPANn4dAzm8lkYPaKLrrijLq7x23w==",
      "dependencies": [
        "hasown"
      ]
    },
    "is-module@1.0.0": {
      "integrity": "sha512-51ypPSPCoTEIN9dy5Oy+h4pShgJmPCygKfyRCISBI+JoWT/2oJvK8QPxmwv7b/p239jXrm9M1mlQbyKJ5A152g=="
    },
    "is-reference@1.2.1": {
      "integrity": "sha512-U82MsXXiFIrjCK4otLT+o2NA2Cd2g5MLoOVXUZjIOhLurrRxpEXzI8O0KZHr3IjLvlAH1kTPYSuqer5T9ZVBKQ==",
      "dependencies": [
        "@types/estree"
      ]
    },
    "jose@5.9.6": {
      "integrity": "sha512-AMlnetc9+CV9asI19zHmrgS/WYsWUwCn2R7RzlbJWD7F9eWYUTGyBmU9o6PxngtLGOiDGPRu+Uc4fhKzbpteZQ=="
    },
    "magic-string@0.30.17": {
      "integrity": "sha512-sNPKHvyjVf7gyjwS4xGTaW/mCnF8wnjtifKBEhxfZ7E/S8tQ0rssrwGNn6q8JH/ohItJfSQp9mBtQYuTlH5QnA==",
      "dependencies": [
        "@jridgewell/sourcemap-codec"
      ]
    },
    "path-parse@1.0.7": {
      "integrity": "sha512-LDJzPVEEEPR+y48z93A0Ed0yXb8pAByGWo/k5YYdYgpY2/2EsOsksJrq7lOHxryrVOn1ejG6oAp8ahvOIQD8sw=="
    },
    "picomatch@4.0.2": {
      "integrity": "sha512-M7BAV6Rlcy5u+m6oPhAPFgJTzAioX/6B0DxyvDlo9l8+T3nLKbrczg2WLUyzd45L8RqfUMyGPzekbMvX2Ldkwg=="
    },
    "resolve@1.22.10": {
      "integrity": "sha512-NPRy+/ncIMeDlTAsuqwKIiferiawhefFJtkNSW0qZJEqMEb+qBt/77B/jGeeek+F0uOeN05CDa6HXbbIgtVX4w==",
      "dependencies": [
        "is-core-module",
        "path-parse",
        "supports-preserve-symlinks-flag"
      ]
    },
    "rollup@4.29.1": {
      "integrity": "sha512-RaJ45M/kmJUzSWDs1Nnd5DdV4eerC98idtUOVr6FfKcgxqvjwHmxc5upLF9qZU9EpsVzzhleFahrT3shLuJzIw==",
      "dependencies": [
        "@rollup/rollup-android-arm-eabi",
        "@rollup/rollup-android-arm64",
        "@rollup/rollup-darwin-arm64",
        "@rollup/rollup-darwin-x64",
        "@rollup/rollup-freebsd-arm64",
        "@rollup/rollup-freebsd-x64",
        "@rollup/rollup-linux-arm-gnueabihf",
        "@rollup/rollup-linux-arm-musleabihf",
        "@rollup/rollup-linux-arm64-gnu",
        "@rollup/rollup-linux-arm64-musl",
        "@rollup/rollup-linux-loongarch64-gnu",
        "@rollup/rollup-linux-powerpc64le-gnu",
        "@rollup/rollup-linux-riscv64-gnu",
        "@rollup/rollup-linux-s390x-gnu",
        "@rollup/rollup-linux-x64-gnu",
        "@rollup/rollup-linux-x64-musl",
        "@rollup/rollup-win32-arm64-msvc",
        "@rollup/rollup-win32-ia32-msvc",
        "@rollup/rollup-win32-x64-msvc",
        "@types/estree",
        "fsevents"
      ]
    },
    "supports-preserve-symlinks-flag@1.0.0": {
      "integrity": "sha512-ot0WnXS9fgdkgIcePe6RHNk1WA8+muPa6cSjeR3V8K27q9BB1rTE3R1p7Hv0z1ZyAc8s6Vvv8DIyWf681MAt0w=="
    },
    "tslib@2.8.1": {
      "integrity": "sha512-oJFu94HQb+KVduSUQL7wnpmqnfmLsOA/nAh6b6EH0wCEoK0/mPeXU6c3wKDV83MkOuHPRHtSXKKU99IBazS/2w=="
    },
    "typescript@5.7.2": {
      "integrity": "sha512-i5t66RHxDvVN40HfDd1PsEThGNnlMCMT3jMUuoh9/0TaqWevNontacunWyN02LA9/fIbEWlcHZcgTKb9QoaLfg=="
    }
  },
  "redirects": {
    "https://deno.land/x/emit/mod.ts": "https://deno.land/x/emit@0.40.0/mod.ts"
  },
  "remote": {
    "https://deno.land/std@0.186.0/_util/asserts.ts": "178dfc49a464aee693a7e285567b3d0b555dc805ff490505a8aae34f9cfb1462",
    "https://deno.land/std@0.186.0/_util/os.ts": "d932f56d41e4f6a6093d56044e29ce637f8dcc43c5a90af43504a889cf1775e3",
    "https://deno.land/std@0.186.0/path/_constants.ts": "e49961f6f4f48039c0dfed3c3f93e963ca3d92791c9d478ac5b43183413136e0",
    "https://deno.land/std@0.186.0/path/_interface.ts": "6471159dfbbc357e03882c2266d21ef9afdb1e4aa771b0545e90db58a0ba314b",
    "https://deno.land/std@0.186.0/path/_util.ts": "d7abb1e0dea065f427b89156e28cdeb32b045870acdf865833ba808a73b576d0",
    "https://deno.land/std@0.186.0/path/common.ts": "ee7505ab01fd22de3963b64e46cff31f40de34f9f8de1fff6a1bd2fe79380000",
    "https://deno.land/std@0.186.0/path/glob.ts": "d479e0a695621c94d3fd7fe7abd4f9499caf32a8de13f25073451c6ef420a4e1",
    "https://deno.land/std@0.186.0/path/mod.ts": "ee161baec5ded6510ee1d1fb6a75a0f5e4b41f3f3301c92c716ecbdf7dae910d",
    "https://deno.land/std@0.186.0/path/posix.ts": "8b7c67ac338714b30c816079303d0285dd24af6b284f7ad63da5b27372a2c94d",
    "https://deno.land/std@0.186.0/path/separator.ts": "0fb679739d0d1d7bf45b68dacfb4ec7563597a902edbaf3c59b50d5bcadd93b1",
    "https://deno.land/std@0.186.0/path/win32.ts": "d186344e5583bcbf8b18af416d13d82b35a317116e6460a5a3953508c3de5bba",
    "https://deno.land/x/emit@0.40.0/_utils.ts": "98412edc7aa29e77d592b54fbad00bdec1b05d0c25eb772a5f8edc9813e08d88",
    "https://deno.land/x/emit@0.40.0/emit.generated.js": "65621c730ae9e4e818a3f83913562101dc9a371befbdb44d81e09a1532af5089",
    "https://deno.land/x/emit@0.40.0/mod.ts": "04b1818a60d6f85ca991bc4369634ea55d51388c4154b0100dfbe3c9684e2318"
  },
  "workspace": {
    "dependencies": [
      "npm:@rollup/plugin-commonjs@^28.0.2",
      "npm:@rollup/plugin-node-resolve@16",
      "npm:@rollup/plugin-typescript@^12.1.2",
      "npm:jose@^5.9.6",
      "npm:rollup@^4.29.1",
      "npm:tslib@^2.8.1"
    ]
  }
}
